
Microsoft Visual Studio Solution File, Format Version 12.00
# Visual Studio 15
VisualStudioVersion = 15.0.28307.271
MinimumVisualStudioVersion = 10.0.40219.1
Project("{FAE04EC0-301F-11D3-BF4B-00C04F79EFBC}") = "EmailScheduler", "EmailScheduler\EmailScheduler.csproj", "{23EBEB54-BFD5-4C54-860C-D04F87B0FFDC}"
EndProject
Project("{FAE04EC0-301F-11D3-BF4B-00C04F79EFBC}") = "EmailSchedulerData", "EmailSchedulerData\EmailSchedulerData.csproj", "{1E7A8A01-C6E1-4EAC-8E52-147043DAE8B3}"
EndProject
Project("{FAE04EC0-301F-11D3-BF4B-00C04F79EFBC}") = "Scheduler", "Scheduler\Scheduler.csproj", "{6F75CC8E-272E-48BE-8E08-C9E7F0A7D555}"
EndProject
Project("{FAE04EC0-301F-11D3-BF4B-00C04F79EFBC}") = "EmailSchedulerCommon", "EmailSchedulerCommon\EmailSchedulerCommon.csproj", "{175E815E-CE8A-40C3-97CF-67770D3E1FA9}"
EndProject
Project("{FAE04EC0-301F-11D3-BF4B-00C04F79EFBC}") = "EmailDashboard", "EmailDashboard\EmailDashboard.csproj", "{C456A321-9283-46E0-B9E4-24C5CA70CE27}"
EndProject
Global
	GlobalSection(SolutionConfigurationPlatforms) = preSolution
		Debug|Any CPU = Debug|Any CPU
		Release|Any CPU = Release|Any CPU
	EndGlobalSection
	GlobalSection(ProjectConfigurationPlatforms) = postSolution
		{23EBEB54-BFD5-4C54-860C-D04F87B0FFDC}.Debug|Any CPU.ActiveCfg = Debug|Any CPU
		{23EBEB54-BFD5-4C54-860C-D04F87B0FFDC}.Debug|Any CPU.Build.0 = Debug|Any CPU
		{23EBEB54-BFD5-4C54-860C-D04F87B0FFDC}.Release|Any CPU.ActiveCfg = Release|Any CPU
		{23EBEB54-BFD5-4C54-860C-D04F87B0FFDC}.Release|Any CPU.Build.0 = Release|Any CPU
		{1E7A8A01-C6E1-4EAC-8E52-147043DAE8B3}.Debug|Any CPU.ActiveCfg = Debug|Any CPU
		{1E7A8A01-C6E1-4EAC-8E52-147043DAE8B3}.Debug|Any CPU.Build.0 = Debug|Any CPU
		{1E7A8A01-C6E1-4EAC-8E52-147043DAE8B3}.Release|Any CPU.ActiveCfg = Release|Any CPU
		{1E7A8A01-C6E1-4EAC-8E52-147043DAE8B3}.Release|Any CPU.Build.0 = Release|Any CPU
		{6F75CC8E-272E-48BE-8E08-C9E7F0A7D555}.Debug|Any CPU.ActiveCfg = Debug|Any CPU
		{6F75CC8E-272E-48BE-8E08-C9E7F0A7D555}.Debug|Any CPU.Build.0 = Debug|Any CPU
		{6F75CC8E-272E-48BE-8E08-C9E7F0A7D555}.Release|Any CPU.ActiveCfg = Release|Any CPU
		{6F75CC8E-272E-48BE-8E08-C9E7F0A7D555}.Release|Any CPU.Build.0 = Release|Any CPU
		{175E815E-CE8A-40C3-97CF-67770D3E1FA9}.Debug|Any CPU.ActiveCfg = Debug|Any CPU
		{175E815E-CE8A-40C3-97CF-67770D3E1FA9}.Debug|Any CPU.Build.0 = Debug|Any CPU
		{175E815E-CE8A-40C3-97CF-67770D3E1FA9}.Release|Any CPU.ActiveCfg = Release|Any CPU
		{175E815E-CE8A-40C3-97CF-67770D3E1FA9}.Release|Any CPU.Build.0 = Release|Any CPU
		{C456A321-9283-46E0-B9E4-24C5CA70CE27}.Debug|Any CPU.ActiveCfg = Debug|Any CPU
		{C456A321-9283-46E0-B9E4-24C5CA70CE27}.Debug|Any CPU.Build.0 = Debug|Any CPU
		{C456A321-9283-46E0-B9E4-24C5CA70CE27}.Release|Any CPU.ActiveCfg = Release|Any CPU
		{C456A321-9283-46E0-B9E4-24C5CA70CE27}.Release|Any CPU.Build.0 = Release|Any CPU
	EndGlobalSection
	GlobalSection(SolutionProperties) = preSolution
		HideSolutionNode = FALSE
	EndGlobalSection
	GlobalSection(ExtensibilityGlobals) = postSolution
		SolutionGuid = {B85E5199-99D5-4B35-BF6B-49C32F9D3230}
	EndGlobalSection
EndGlobal
